<?xml version="1.0" encoding="utf-8"?>
<Project ToolsVersion="4.0" xmlns="http://schemas.microsoft.com/developer/msbuild/2003">
  <ItemGroup>
    <Filter Include="Source Files">
      <UniqueIdentifier>{4FC737F1-C7A5-4376-A066-2A32D752A2FF}</UniqueIdentifier>
      <Extensions>cpp;c;cc;cxx;c++;cppm;ixx;def;odl;idl;hpj;bat;asm;asmx</Extensions>
    </Filter>
    <Filter Include="Header Files">
      <UniqueIdentifier>{93995380-89BD-4b04-88EB-625FBE52EBFB}</UniqueIdentifier>
      <Extensions>h;hh;hpp;hxx;h++;hm;inl;inc;ipp;xsd</Extensions>
    </Filter>
    <Filter Include="Resource Files">
      <UniqueIdentifier>{67DA6AB6-F800-4c08-8B7A-83BB121AAD01}</UniqueIdentifier>
      <Extensions>rc;ico;cur;bmp;dlg;rc2;rct;bin;rgs;gif;jpg;jpeg;jpe;resx;tiff;tif;png;wav;mfcribbon-ms</Extensions>
    </Filter>
    <Filter Include="Source Files\stdlib">
      <UniqueIdentifier>{b46c0d22-5b18-47b8-82d6-3d877747d2c3}</UniqueIdentifier>
    </Filter>
    <Filter Include="Header Files\include">
      <UniqueIdentifier>{551adc7e-d189-44c1-b63f-be55569e90d9}</UniqueIdentifier>
    </Filter>
  </ItemGroup>
  <ItemGroup>
    <ClCompile Include="..\cpank\bn.c">
      <Filter>Source Files</Filter>
    </ClCompile>
    <ClCompile Include="..\cpank\compiler.c">
      <Filter>Source Files</Filter>
    </ClCompile>
    <ClCompile Include="..\cpank\debug.c">
      <Filter>Source Files</Filter>
    </ClCompile>
    <ClCompile Include="..\cpank\htable.c">
      <Filter>Source Files</Filter>
    </ClCompile>
    <ClCompile Include="..\cpank\instruction.c">
      <Filter>Source Files</Filter>
    </ClCompile>
    <ClCompile Include="..\cpank\lexer.c">
      <Filter>Source Files</Filter>
    </ClCompile>
    <ClCompile Include="..\cpank\main.c">
      <Filter>Source Files</Filter>
    </ClCompile>
    <ClCompile Include="..\cpank\mem.c">
      <Filter>Source Files</Filter>
    </ClCompile>
    <ClCompile Include="..\cpank\obj.c">
      <Filter>Source Files</Filter>
    </ClCompile>
    <ClCompile Include="..\cpank\openfile.c">
      <Filter>Source Files</Filter>
    </ClCompile>
    <ClCompile Include="..\cpank\runfile.c">
      <Filter>Source Files</Filter>
    </ClCompile>
    <ClCompile Include="..\cpank\utils.c">
      <Filter>Source Files</Filter>
    </ClCompile>
    <ClCompile Include="..\cpank\value.c">
      <Filter>Source Files</Filter>
    </ClCompile>
    <ClCompile Include="..\cpank\vm.c">
      <Filter>Source Files</Filter>
    </ClCompile>
    <ClCompile Include="..\cpank\builtins.c">
      <Filter>Source Files</Filter>
    </ClCompile>
    <ClCompile Include="..\cpank\errmsg.c">
      <Filter>Source Files</Filter>
    </ClCompile>
    <ClCompile Include="..\cpank\stdlib\bnmath.c">
      <Filter>Source Files\stdlib</Filter>
    </ClCompile>
    <ClCompile Include="..\cpank\stdlib\math.c">
      <Filter>Source Files\stdlib</Filter>
    </ClCompile>
    <ClCompile Include="..\cpank\stdlib\stdlib.c">
      <Filter>Source Files\stdlib</Filter>
    </ClCompile>
    <ClCompile Include="..\cpank\stdlib\os.c">
      <Filter>Source Files\stdlib</Filter>
    </ClCompile>
    <ClCompile Include="..\cpank\stdlib\file.c">
      <Filter>Source Files\stdlib</Filter>
    </ClCompile>
    <ClCompile Include="..\cpank\stdlib\string.c">
      <Filter>Source Files\stdlib</Filter>
    </ClCompile>
  </ItemGroup>
  <ItemGroup>
    <ClInclude Include="..\cpank\include\vm.h">
      <Filter>Header Files\include</Filter>
    </ClInclude>
    <ClInclude Include="..\cpank\include\errmsg.h">
      <Filter>Header Files\include</Filter>
    </ClInclude>
    <ClInclude Include="..\cpank\include\builtins.h">
      <Filter>Header Files\include</Filter>
    </ClInclude>
    <ClInclude Include="..\cpank\include\bn.h">
      <Filter>Header Files\include</Filter>
    </ClInclude>
    <ClInclude Include="..\cpank\include\common.h">
      <Filter>Header Files\include</Filter>
    </ClInclude>
    <ClInclude Include="..\cpank\include\compiler.h">
      <Filter>Header Files\include</Filter>
    </ClInclude>
    <ClInclude Include="..\cpank\include\debug.h">
      <Filter>Header Files\include</Filter>
    </ClInclude>
    <ClInclude Include="..\cpank\include\htable.h">
      <Filter>Header Files\include</Filter>
    </ClInclude>
    <ClInclude Include="..\cpank\include\instruction.h">
      <Filter>Header Files\include</Filter>
    </ClInclude>
    <ClInclude Include="..\cpank\include\lexer.h">
      <Filter>Header Files\include</Filter>
    </ClInclude>
    <ClInclude Include="..\cpank\include\mem.h">
      <Filter>Header Files\include</Filter>
    </ClInclude>
    <ClInclude Include="..\cpank\include\obj.h">
      <Filter>Header Files\include</Filter>
    </ClInclude>
    <ClInclude Include="..\cpank\include\openfile.h">
      <Filter>Header Files\include</Filter>
    </ClInclude>
    <ClInclude Include="..\cpank\include\pank.h">
      <Filter>Header Files\include</Filter>
    </ClInclude>
    <ClInclude Include="..\cpank\include\runfile.h">
      <Filter>Header Files\include</Filter>
    </ClInclude>
    <ClInclude Include="..\cpank\include\stdlib.h">
      <Filter>Header Files\include</Filter>
    </ClInclude>
    <ClInclude Include="..\cpank\include\token.h">
      <Filter>Header Files\include</Filter>
    </ClInclude>
    <ClInclude Include="..\cpank\include\utils.h">
      <Filter>Header Files\include</Filter>
    </ClInclude>
    <ClInclude Include="..\cpank\include\value.h">
      <Filter>Header Files\include</Filter>
    </ClInclude>
  </ItemGroup>
</Project>
