<?xml version="1.0" encoding="utf-8"?>
<Project ToolsVersion="4.0" xmlns="http://schemas.microsoft.com/developer/msbuild/2003">
  <ItemGroup>
    <Filter Include="Source Files">
      <UniqueIdentifier>{4FC737F1-C7A5-4376-A066-2A32D752A2FF}</UniqueIdentifier>
      <Extensions>cpp;c;cc;cxx;c++;cppm;ixx;def;odl;idl;hpj;bat;asm;asmx</Extensions>
    </Filter>
    <Filter Include="Header Files">
      <UniqueIdentifier>{93995380-89BD-4b04-88EB-625FBE52EBFB}</UniqueIdentifier>
      <Extensions>h;hh;hpp;hxx;h++;hm;inl;inc;ipp;xsd</Extensions>
    </Filter>
    <Filter Include="Resource Files">
      <UniqueIdentifier>{67DA6AB6-F800-4c08-8B7A-83BB121AAD01}</UniqueIdentifier>
      <Extensions>rc;ico;cur;bmp;dlg;rc2;rct;bin;rgs;gif;jpg;jpeg;jpe;resx;tiff;tif;png;wav;mfcribbon-ms</Extensions>
    </Filter>
    <Filter Include="Source Files\stdlib">
      <UniqueIdentifier>{b46c0d22-5b18-47b8-82d6-3d877747d2c3}</UniqueIdentifier>
    </Filter>
    <Filter Include="Header Files\include">
      <UniqueIdentifier>{551adc7e-d189-44c1-b63f-be55569e90d9}</UniqueIdentifier>
    </Filter>
    <Filter Include="Header Files\ext">
      <UniqueIdentifier>{4ab6defd-4058-435d-8d6b-e9b8c02808cc}</UniqueIdentifier>
    </Filter>
    <Filter Include="Header Files\ext\xxhash">
      <UniqueIdentifier>{c9f44fe9-cdb5-4418-bcec-365b7b502211}</UniqueIdentifier>
    </Filter>
    <Filter Include="Source Files\ext">
      <UniqueIdentifier>{5ea69961-b294-4ebf-80ae-88f0837a8beb}</UniqueIdentifier>
    </Filter>
    <Filter Include="Source Files\ext\xxhash">
      <UniqueIdentifier>{54a7fac1-e2b0-4d3f-a3e2-22219dbf49c6}</UniqueIdentifier>
    </Filter>
    <Filter Include="Header Files\include\helper">
      <UniqueIdentifier>{7aed5c2c-4832-4344-b16c-a20599383fba}</UniqueIdentifier>
    </Filter>
    <Filter Include="Samples">
      <UniqueIdentifier>{38bb9222-ef39-4f9c-80c6-1ddb54e0ce44}</UniqueIdentifier>
    </Filter>
  </ItemGroup>
  <ItemGroup>
    <ClCompile Include="..\cpank\bn.c">
      <Filter>Source Files</Filter>
    </ClCompile>
    <ClCompile Include="..\cpank\compiler.c">
      <Filter>Source Files</Filter>
    </ClCompile>
    <ClCompile Include="..\cpank\debug.c">
      <Filter>Source Files</Filter>
    </ClCompile>
    <ClCompile Include="..\cpank\htable.c">
      <Filter>Source Files</Filter>
    </ClCompile>
    <ClCompile Include="..\cpank\instruction.c">
      <Filter>Source Files</Filter>
    </ClCompile>
    <ClCompile Include="..\cpank\lexer.c">
      <Filter>Source Files</Filter>
    </ClCompile>
    <ClCompile Include="..\cpank\main.c">
      <Filter>Source Files</Filter>
    </ClCompile>
    <ClCompile Include="..\cpank\mem.c">
      <Filter>Source Files</Filter>
    </ClCompile>
    <ClCompile Include="..\cpank\obj.c">
      <Filter>Source Files</Filter>
    </ClCompile>
    <ClCompile Include="..\cpank\openfile.c">
      <Filter>Source Files</Filter>
    </ClCompile>
    <ClCompile Include="..\cpank\runfile.c">
      <Filter>Source Files</Filter>
    </ClCompile>
    <ClCompile Include="..\cpank\utils.c">
      <Filter>Source Files</Filter>
    </ClCompile>
    <ClCompile Include="..\cpank\value.c">
      <Filter>Source Files</Filter>
    </ClCompile>
    <ClCompile Include="..\cpank\vm.c">
      <Filter>Source Files</Filter>
    </ClCompile>
    <ClCompile Include="..\cpank\builtins.c">
      <Filter>Source Files</Filter>
    </ClCompile>
    <ClCompile Include="..\cpank\errmsg.c">
      <Filter>Source Files</Filter>
    </ClCompile>
    <ClCompile Include="..\cpank\stdlib\bnmath.c">
      <Filter>Source Files\stdlib</Filter>
    </ClCompile>
    <ClCompile Include="..\cpank\stdlib\math.c">
      <Filter>Source Files\stdlib</Filter>
    </ClCompile>
    <ClCompile Include="..\cpank\stdlib\stdlib.c">
      <Filter>Source Files\stdlib</Filter>
    </ClCompile>
    <ClCompile Include="..\cpank\stdlib\os.c">
      <Filter>Source Files\stdlib</Filter>
    </ClCompile>
    <ClCompile Include="..\cpank\stdlib\file.c">
      <Filter>Source Files\stdlib</Filter>
    </ClCompile>
    <ClCompile Include="..\cpank\stdlib\string.c">
      <Filter>Source Files\stdlib</Filter>
    </ClCompile>
    <ClCompile Include="..\cpank\stdlib\array.c">
      <Filter>Source Files</Filter>
    </ClCompile>
    <ClCompile Include="..\cpank\stdlib\common.c">
      <Filter>Source Files</Filter>
    </ClCompile>
    <ClCompile Include="..\cpank\api.c">
      <Filter>Source Files</Filter>
    </ClCompile>
    <ClCompile Include="..\cpank\ext\xxhash\xxhash.c">
      <Filter>Source Files\ext\xxhash</Filter>
    </ClCompile>
  </ItemGroup>
  <ItemGroup>
    <ClInclude Include="..\cpank\include\vm.h">
      <Filter>Header Files\include</Filter>
    </ClInclude>
    <ClInclude Include="..\cpank\include\errmsg.h">
      <Filter>Header Files\include</Filter>
    </ClInclude>
    <ClInclude Include="..\cpank\include\builtins.h">
      <Filter>Header Files\include</Filter>
    </ClInclude>
    <ClInclude Include="..\cpank\include\bn.h">
      <Filter>Header Files\include</Filter>
    </ClInclude>
    <ClInclude Include="..\cpank\include\common.h">
      <Filter>Header Files\include</Filter>
    </ClInclude>
    <ClInclude Include="..\cpank\include\compiler.h">
      <Filter>Header Files\include</Filter>
    </ClInclude>
    <ClInclude Include="..\cpank\include\debug.h">
      <Filter>Header Files\include</Filter>
    </ClInclude>
    <ClInclude Include="..\cpank\include\htable.h">
      <Filter>Header Files\include</Filter>
    </ClInclude>
    <ClInclude Include="..\cpank\include\instruction.h">
      <Filter>Header Files\include</Filter>
    </ClInclude>
    <ClInclude Include="..\cpank\include\lexer.h">
      <Filter>Header Files\include</Filter>
    </ClInclude>
    <ClInclude Include="..\cpank\include\mem.h">
      <Filter>Header Files\include</Filter>
    </ClInclude>
    <ClInclude Include="..\cpank\include\obj.h">
      <Filter>Header Files\include</Filter>
    </ClInclude>
    <ClInclude Include="..\cpank\include\openfile.h">
      <Filter>Header Files\include</Filter>
    </ClInclude>
    <ClInclude Include="..\cpank\include\pank.h">
      <Filter>Header Files\include</Filter>
    </ClInclude>
    <ClInclude Include="..\cpank\include\runfile.h">
      <Filter>Header Files\include</Filter>
    </ClInclude>
    <ClInclude Include="..\cpank\include\stdlib.h">
      <Filter>Header Files\include</Filter>
    </ClInclude>
    <ClInclude Include="..\cpank\include\token.h">
      <Filter>Header Files\include</Filter>
    </ClInclude>
    <ClInclude Include="..\cpank\include\utils.h">
      <Filter>Header Files\include</Filter>
    </ClInclude>
    <ClInclude Include="..\cpank\include\value.h">
      <Filter>Header Files\include</Filter>
    </ClInclude>
    <ClInclude Include="..\cpank\ext\xxhash\xxhash.h">
      <Filter>Header Files\ext\xxhash</Filter>
    </ClInclude>
    <ClInclude Include="..\cpank\include\api.h">
      <Filter>Header Files\include</Filter>
    </ClInclude>
    <ClInclude Include="..\cpank\include\helper\arch.h">
      <Filter>Header Files\include\helper</Filter>
    </ClInclude>
    <ClInclude Include="..\cpank\include\helper\os.h">
      <Filter>Header Files\include\helper</Filter>
    </ClInclude>
    <ClInclude Include="..\cpank\include\helper\comp.h">
      <Filter>Header Files\include\helper</Filter>
    </ClInclude>
  </ItemGroup>
  <ItemGroup>
    <None Include="..\sample\0.pank">
      <Filter>Samples</Filter>
    </None>
    <None Include="..\sample\1.pank">
      <Filter>Samples</Filter>
    </None>
    <None Include="..\sample\2.pank">
      <Filter>Samples</Filter>
    </None>
    <None Include="..\sample\3.pank">
      <Filter>Samples</Filter>
    </None>
    <None Include="..\sample\4.pank">
      <Filter>Samples</Filter>
    </None>
    <None Include="..\sample\array_test.pank">
      <Filter>Samples</Filter>
    </None>
    <None Include="..\sample\bn_num.pank">
      <Filter>Samples</Filter>
    </None>
    <None Include="..\sample\checkeq.pank">
      <Filter>Samples</Filter>
    </None>
    <None Include="..\sample\closure.pank">
      <Filter>Samples</Filter>
    </None>
    <None Include="..\sample\fib_bn.pank">
      <Filter>Samples</Filter>
    </None>
    <None Include="..\sample\fib_en.pank">
      <Filter>Samples</Filter>
    </None>
    <None Include="..\sample\fib_w.pank">
      <Filter>Samples</Filter>
    </None>
    <None Include="..\sample\ftest.pank">
      <Filter>Samples</Filter>
    </None>
    <None Include="..\sample\import.pank">
      <Filter>Samples</Filter>
    </None>
    <None Include="..\sample\maptest.pank">
      <Filter>Samples</Filter>
    </None>
    <None Include="..\sample\math_sl_bn.pank">
      <Filter>Samples</Filter>
    </None>
    <None Include="..\sample\sample.pank">
      <Filter>Samples</Filter>
    </None>
    <None Include="..\sample\serr_bn.pank">
      <Filter>Samples</Filter>
    </None>
    <None Include="..\sample\sltest.pank">
      <Filter>Samples</Filter>
    </None>
    <None Include="..\sample\stdarr.pank">
      <Filter>Samples</Filter>
    </None>
    <None Include="..\sample\stdcommon.pank">
      <Filter>Samples</Filter>
    </None>
    <None Include="..\sample\stdfile.pank">
      <Filter>Samples</Filter>
    </None>
    <None Include="..\sample\stdos.pank">
      <Filter>Samples</Filter>
    </None>
    <None Include="..\sample\string_add.pank">
      <Filter>Samples</Filter>
    </None>
    <None Include="..\sample\strings.pank">
      <Filter>Samples</Filter>
    </None>
    <None Include="..\sample\syntaxerr.pank">
      <Filter>Samples</Filter>
    </None>
    <None Include="..\sample\x.pank">
      <Filter>Samples</Filter>
    </None>
    <None Include="..\sample\y.pank">
      <Filter>Samples</Filter>
    </None>
    <None Include="..\sample\z.pank">
      <Filter>Samples</Filter>
    </None>
  </ItemGroup>
</Project>